// !$*UTF8*$!
{
	archiveVersion = 1;
	classes = {
	};
	objectVersion = 46;
	objects = {

/* Begin PBXBuildFile section */
		A13807911BBC894700BFED43 /* UIDeviceHardware.h in CopyFiles */ = {isa = PBXBuildFile; fileRef = A13807901BBC894700BFED43 /* UIDeviceHardware.h */; };
		A13807931BBC894700BFED43 /* UIDeviceHardware.m in Sources */ = {isa = PBXBuildFile; fileRef = A13807921BBC894700BFED43 /* UIDeviceHardware.m */; };
/* End PBXBuildFile section */

/* Begin PBXCopyFilesBuildPhase section */
		A138078B1BBC894600BFED43 /* CopyFiles */ = {
			isa = PBXCopyFilesBuildPhase;
			buildActionMask = 2147483647;
			dstPath = "include/$(PRODUCT_NAME)";
			dstSubfolderSpec = 16;
			files = (
				A13807911BBC894700BFED43 /* UIDeviceHardware.h in CopyFiles */,
			);
			runOnlyForDeploymentPostprocessing = 0;
		};
/* End PBXCopyFilesBuildPhase section */

/* Begin PBXFileReference section */
		A138078D1BBC894700BFED43 /* libUIDeviceHardware.a */ = {isa = PBXFileReference; explicitFileType = archive.ar; includeInIndex = 0; path = libUIDeviceHardware.a; sourceTree = BUILT_PRODUCTS_DIR; };
		A13807901BBC894700BFED43 /* UIDeviceHardware.h */ = {isa = PBXFileReference; lastKnownFileType = sourcecode.c.h; path = UIDeviceHardware.h; sourceTree = "<group>"; };
		A13807921BBC894700BFED43 /* UIDeviceHardware.m */ = {isa = PBXFileReference; lastKnownFileType = sourcecode.c.objc; path = UIDeviceHardware.m; sourceTree = "<group>"; };
/* End PBXFileReference section */

/* Begin PBXFrameworksBuildPhase section */
		A138078A1BBC894600BFED43 /* Frameworks */ = {
			isa = PBXFrameworksBuildPhase;
			buildActionMask = 2147483647;
			files = (
			);
			runOnlyForDeploymentPostprocessing = 0;
		};
/* End PBXFrameworksBuildPhase section */

/* Begin PBXGroup section */
		A13807841BBC894600BFED43 = {
			isa = PBXGroup;
			children = (
				A138078F1BBC894700BFED43 /* UIDeviceHardware */,
				A138078E1BBC894700BFED43 /* Products */,
			);
			sourceTree = "<group>";
		};
		A138078E1BBC894700BFED43 /* Products */ = {
			isa = PBXGroup;
			children = (
				A138078D1BBC894700BFED43 /* libUIDeviceHardware.a */,
			);
			name = Products;
			sourceTree = "<group>";
		};
		A138078F1BBC894700BFED43 /* UIDeviceHardware */ = {
			isa = PBXGroup;
			children = (
				A13807901BBC894700BFED43 /* UIDeviceHardware.h */,
				A13807921BBC894700BFED43 /* UIDeviceHardware.m */,
			);
			name = UIDeviceHardware;
			path = "Detect Device";
			sourceTree = "<group>";
		};
/* End PBXGroup section */

/* Begin PBXNativeTarget section */
		A138078C1BBC894600BFED43 /* UIDeviceHardware */ = {
			isa = PBXNativeTarget;
			buildConfigurationList = A13807961BBC894700BFED43 /* Build configuration list for PBXNativeTarget "UIDeviceHardware" */;
			buildPhases = (
				A13807891BBC894600BFED43 /* Sources */,
				A138078A1BBC894600BFED43 /* Frameworks */,
				A138078B1BBC894600BFED43 /* CopyFiles */,
			);
			buildRules = (
			);
			dependencies = (
			);
			name = UIDeviceHardware;
			productName = "Detect Device";
			productReference = A138078D1BBC894700BFED43 /* libUIDeviceHardware.a */;
			productType = "com.apple.product-type.library.static";
		};
/* End PBXNativeTarget section */

/* Begin PBXProject section */
		A13807851BBC894600BFED43 /* Project object */ = {
			isa = PBXProject;
			attributes = {
				LastUpgradeCheck = 0700;
				ORGANIZATIONNAME = Peach;
				TargetAttributes = {
					A138078C1BBC894600BFED43 = {
						CreatedOnToolsVersion = 7.0.1;
					};
				};
			};
			buildConfigurationList = A13807881BBC894600BFED43 /* Build configuration list for PBXProject "UIDeviceHardware" */;
			compatibilityVersion = "Xcode 3.2";
			developmentRegion = English;
			hasScannedForEncodings = 0;
			knownRegions = (
				en,
			);
			mainGroup = A13807841BBC894600BFED43;
			productRefGroup = A138078E1BBC894700BFED43 /* Products */;
			projectDirPath = "";
			projectRoot = "";
			targets = (
				A138078C1BBC894600BFED43 /* UIDeviceHardware */,
			);
		};
/* End PBXProject section */

/* Begin PBXSourcesBuildPhase section */
		A13807891BBC894600BFED43 /* Sources */ = {
			isa = PBXSourcesBuildPhase;
			buildActionMask = 2147483647;
			files = (
				A13807931BBC894700BFED43 /* UIDeviceHardware.m in Sources */,
			);
			runOnlyForDeploymentPostprocessing = 0;
		};
/* End PBXSourcesBuildPhase section */

/* Begin XCBuildConfiguration section */
		A13807941BBC894700BFED43 /* Debug */ = {
			isa = XCBuildConfiguration;
			buildSettings = {
				ALWAYS_SEARCH_USER_PATHS = NO;
				CLANG_CXX_LANGUAGE_STANDARD = "gnu++0x";
				CLANG_CXX_LIBRARY = "libc++";
				CLANG_ENABLE_MODULES = YES;
				CLANG_ENABLE_OBJC_ARC = YES;
				CLANG_WARN_BOOL_CONVERSION = YES;
				CLANG_WARN_CONSTANT_CONVERSION = YES;
				CLANG_WARN_DIRECT_OBJC_ISA_USAGE = YES_ERROR;
				CLANG_WARN_EMPTY_BODY = YES;
				CLANG_WARN_ENUM_CONVERSION = YES;
				CLANG_WARN_INT_CONVERSION = YES;
				CLANG_WARN_OBJC_ROOT_CLASS = YES_ERROR;
				CLANG_WARN_UNREACHABLE_CODE = YES;
				CLANG_WARN__DUPLICATE_METHOD_MATCH = YES;
				COPY_PHASE_STRIP = NO;
				DEBUG_INFORMATION_FORMAT = dwarf;
				ENABLE_STRICT_OBJC_MSGSEND = YES;
				ENABLE_TESTABILITY = YES;
				GCC_C_LANGUAGE_STANDARD = gnu99;
				GCC_DYNAMIC_NO_PIC = NO;
				GCC_NO_COMMON_BLOCKS = YES;
				GCC_OPTIMIZATION_LEVEL = 0;
				GCC_PREPROCESSOR_DEFINITIONS = (
					"DEBUG=1",
					"$(inherited)",
				);
				GCC_WARN_64_TO_32_BIT_CONVERSION = YES;
				GCC_WARN_ABOUT_RETURN_TYPE = YES_ERROR;
				GCC_WARN_UNDECLARED_SELECTOR = YES;
				GCC_WARN_UNINITIALIZED_AUTOS = YES_AGGRESSIVE;
				GCC_WARN_UNUSED_FUNCTION = YES;
				GCC_WARN_UNUSED_VARIABLE = YES;
				IPHONEOS_DEPLOYMENT_TARGET = 9.0;
				MTL_ENABLE_DEBUG_INFO = YES;
				ONLY_ACTIVE_ARCH = YES;
				SDKROOT = iphoneos;
			};
			name = Debug;
		};
		A13807951BBC894700BFED43 /* Release */ = {
			isa = XCBuildConfiguration;
			buildSettings = {
				ALWAYS_SEARCH_USER_PATHS = NO;
				CLANG_CXX_LANGUAGE_STANDARD = "gnu++0x";
				CLANG_CXX_LIBRARY = "libc++";
				CLANG_ENABLE_MODULES = YES;
				CLANG_ENABLE_OBJC_ARC = YES;
				CLANG_WARN_BOOL_CONVERSION = YES;
				CLANG_WARN_CONSTANT_CONVERSION = YES;
				CLANG_WARN_DIRECT_OBJC_ISA_USAGE = YES_ERROR;
				CLANG_WARN_EMPTY_BODY = YES;
				CLANG_WARN_ENUM_CONVERSION = YES;
				CLANG_WARN_INT_CONVERSION = YES;
				CLANG_WARN_OBJC_ROOT_CLASS = YES_ERROR;
				CLANG_WARN_UNREACHABLE_CODE = YES;
				CLANG_WARN__DUPLICATE_METHOD_MATCH = YES;
				COPY_PHASE_STRIP = NO;
				DEBUG_INFORMATION_FORMAT = "dwarf-with-dsym";
				ENABLE_NS_ASSERTIONS = NO;
				ENABLE_STRICT_OBJC_MSGSEND = YES;
				GCC_C_LANGUAGE_STANDARD = gnu99;
				GCC_NO_COMMON_BLOCKS = YES;
				GCC_WARN_64_TO_32_BIT_CONVERSION = YES;
				GCC_WARN_ABOUT_RETURN_TYPE = YES_ERROR;
				GCC_WARN_UNDECLARED_SELECTOR = YES;
				GCC_WARN_UNINITIALIZED_AUTOS = YES_AGGRESSIVE;
				GCC_WARN_UNUSED_FUNCTION = YES;
				GCC_WARN_UNUSED_VARIABLE = YES;
				IPHONEOS_DEPLOYMENT_TARGET = 9.0;
				MTL_ENABLE_DEBUG_INFO = NO;
				SDKROOT = iphoneos;
				VALIDATE_PRODUCT = YES;
			};
			name = Release;
		};
		A13807971BBC894700BFED43 /* Debug */ = {
			isa = XCBuildConfiguration;
			buildSettings = {
				OTHER_LDFLAGS = "-ObjC";
				PRODUCT_NAME = UIDeviceHardware;
				SKIP_INSTALL = YES;
			};
			name = Debug;
		};
		A13807981BBC894700BFED43 /* Release */ = {
			isa = XCBuildConfiguration;
			buildSettings = {
				OTHER_LDFLAGS = "-ObjC";
				PRODUCT_NAME = UIDeviceHardware;
				SKIP_INSTALL = YES;
			};
			name = Release;
		};
/* End XCBuildConfiguration section */

/* Begin XCConfigurationList section */
		A13807881BBC894600BFED43 /* Build configuration list for PBXProject "UIDeviceHardware" */ = {
			isa = XCConfigurationList;
			buildConfigurations = (
				A13807941BBC894700BFED43 /* Debug */,
				A13807951BBC894700BFED43 /* Release */,
			);
			defaultConfigurationIsVisible = 0;
			defaultConfigurationName = Release;
		};
		A13807961BBC894700BFED43 /* Build configuration list for PBXNativeTarget "UIDeviceHardware" */ = {
			isa = XCConfigurationList;
			buildConfigurations = (
				A13807971BBC894700BFED43 /* Debug */,
				A13807981BBC894700BFED43 /* Release */,
			);
			defaultConfigurationIsVisible = 0;
			defaultConfigurationName = Release;
		};
/* End XCConfigurationList section */
	};
	rootObject = A13807851BBC894600BFED43 /* Project object */;
}
